
Microsoft Visual Studio Solution File, Format Version 12.00
# Visual Studio Version 16
VisualStudioVersion = 16.0.29215.179
MinimumVisualStudioVersion = 10.0.40219.1
Project("{FAE04EC0-301F-11D3-BF4B-00C04F79EFBC}") = "Serilog.Sink.Telegram4000", "Serilog.Sink.Telegram4000\Serilog.Sink.Telegram4000.csproj", "{6FE28A24-6B48-452A-ADF0-148626FF9D87}"
EndProject
Project("{D954291E-2A0B-460D-934E-DC6B0785DB48}") = "Serilog.Sink.Telegram4000.Shared", "Serilog.Sink.Telegram4000.Shared\Serilog.Sink.Telegram4000.Shared.shproj", "{30AF793A-C353-49BA-B80B-9FD434C42413}"
EndProject
Project("{FAE04EC0-301F-11D3-BF4B-00C04F79EFBC}") = "Serilog.Sink.Telegram4000.Standard", "Serilog.Sink.Telegram4000.Standard\Serilog.Sink.Telegram4000.Standard.csproj", "{4BDA4C04-0DD5-4272-B45E-E276B0734FCD}"
EndProject
Global
	GlobalSection(SharedMSBuildProjectFiles) = preSolution
		Serilog.Sink.Telegram4000.Shared\Serilog.Sink.Telegram4000.Shared.projitems*{30af793a-c353-49ba-b80b-9fd434c42413}*SharedItemsImports = 13
	EndGlobalSection
	GlobalSection(SolutionConfigurationPlatforms) = preSolution
		Debug|Any CPU = Debug|Any CPU
		Release|Any CPU = Release|Any CPU
	EndGlobalSection
	GlobalSection(ProjectConfigurationPlatforms) = postSolution
		{6FE28A24-6B48-452A-ADF0-148626FF9D87}.Debug|Any CPU.ActiveCfg = Debug|Any CPU
		{6FE28A24-6B48-452A-ADF0-148626FF9D87}.Debug|Any CPU.Build.0 = Debug|Any CPU
		{6FE28A24-6B48-452A-ADF0-148626FF9D87}.Release|Any CPU.ActiveCfg = Release|Any CPU
		{6FE28A24-6B48-452A-ADF0-148626FF9D87}.Release|Any CPU.Build.0 = Release|Any CPU
		{4BDA4C04-0DD5-4272-B45E-E276B0734FCD}.Debug|Any CPU.ActiveCfg = Debug|Any CPU
		{4BDA4C04-0DD5-4272-B45E-E276B0734FCD}.Debug|Any CPU.Build.0 = Debug|Any CPU
		{4BDA4C04-0DD5-4272-B45E-E276B0734FCD}.Release|Any CPU.ActiveCfg = Release|Any CPU
		{4BDA4C04-0DD5-4272-B45E-E276B0734FCD}.Release|Any CPU.Build.0 = Release|Any CPU
	EndGlobalSection
	GlobalSection(SolutionProperties) = preSolution
		HideSolutionNode = FALSE
	EndGlobalSection
	GlobalSection(ExtensibilityGlobals) = postSolution
		SolutionGuid = {E7A75AD8-E8B6-41CC-A16B-2AA5016A9A8A}
	EndGlobalSection
EndGlobal
